// !$*UTF8*$!
{
	archiveVersion = 1;
	classes = {
	};
	objectVersion = 50;
	objects = {

/* Begin PBXBuildFile section */
		A98FB89023C6F6510084E323 /* AppDelegate.swift in Sources */ = {isa = PBXBuildFile; fileRef = A98FB88F23C6F6510084E323 /* AppDelegate.swift */; };
		A98FB89223C6F6510084E323 /* SceneDelegate.swift in Sources */ = {isa = PBXBuildFile; fileRef = A98FB89123C6F6510084E323 /* SceneDelegate.swift */; };
		A98FB89423C6F6510084E323 /* ViewController.swift in Sources */ = {isa = PBXBuildFile; fileRef = A98FB89323C6F6510084E323 /* ViewController.swift */; };
		A98FB89723C6F6510084E323 /* Main.storyboard in Resources */ = {isa = PBXBuildFile; fileRef = A98FB89523C6F6510084E323 /* Main.storyboard */; };
		A98FB89923C6F6540084E323 /* Assets.xcassets in Resources */ = {isa = PBXBuildFile; fileRef = A98FB89823C6F6540084E323 /* Assets.xcassets */; };
		A98FB89C23C6F6540084E323 /* LaunchScreen.storyboard in Resources */ = {isa = PBXBuildFile; fileRef = A98FB89A23C6F6540084E323 /* LaunchScreen.storyboard */; };
/* End PBXBuildFile section */

/* Begin PBXFileReference section */
		A98FB88C23C6F6510084E323 /* GithubTestingProject.app */ = {isa = PBXFileReference; explicitFileType = wrapper.application; includeInIndex = 0; path = GithubTestingProject.app; sourceTree = BUILT_PRODUCTS_DIR; };
		A98FB88F23C6F6510084E323 /* AppDelegate.swift */ = {isa = PBXFileReference; lastKnownFileType = sourcecode.swift; path = AppDelegate.swift; sourceTree = "<group>"; };
		A98FB89123C6F6510084E323 /* SceneDelegate.swift */ = {isa = PBXFileReference; lastKnownFileType = sourcecode.swift; path = SceneDelegate.swift; sourceTree = "<group>"; };
		A98FB89323C6F6510084E323 /* ViewController.swift */ = {isa = PBXFileReference; lastKnownFileType = sourcecode.swift; path = ViewController.swift; sourceTree = "<group>"; };
		A98FB89623C6F6510084E323 /* Base */ = {isa = PBXFileReference; lastKnownFileType = file.storyboard; name = Base; path = Base.lproj/Main.storyboard; sourceTree = "<group>"; };
		A98FB89823C6F6540084E323 /* Assets.xcassets */ = {isa = PBXFileReference; lastKnownFileType = folder.assetcatalog; path = Assets.xcassets; sourceTree = "<group>"; };
		A98FB89B23C6F6540084E323 /* Base */ = {isa = PBXFileReference; lastKnownFileType = file.storyboard; name = Base; path = Base.lproj/LaunchScreen.storyboard; sourceTree = "<group>"; };
		A98FB89D23C6F6540084E323 /* Info.plist */ = {isa = PBXFileReference; lastKnownFileType = text.plist.xml; path = Info.plist; sourceTree = "<group>"; };
/* End PBXFileReference section */

/* Begin PBXFrameworksBuildPhase section */
		A98FB88923C6F6510084E323 /* Frameworks */ = {
			isa = PBXFrameworksBuildPhase;
			buildActionMask = 2147483647;
			files = (
			);
			runOnlyForDeploymentPostprocessing = 0;
		};
/* End PBXFrameworksBuildPhase section */

/* Begin PBXGroup section */
		A98FB88323C6F6510084E323 = {
			isa = PBXGroup;
			children = (
				A98FB88E23C6F6510084E323 /* GithubTestingProject */,
				A98FB88D23C6F6510084E323 /* Products */,
			);
			sourceTree = "<group>";
		};
		A98FB88D23C6F6510084E323 /* Products */ = {
			isa = PBXGroup;
			children = (
				A98FB88C23C6F6510084E323 /* GithubTestingProject.app */,
			);
			name = Products;
			sourceTree = "<group>";
		};
		A98FB88E23C6F6510084E323 /* GithubTestingProject */ = {
			isa = PBXGroup;
			children = (
				A98FB88F23C6F6510084E323 /* AppDelegate.swift */,
				A98FB89123C6F6510084E323 /* SceneDelegate.swift */,
				A98FB89323C6F6510084E323 /* ViewController.swift */,
				A98FB89523C6F6510084E323 /* Main.storyboard */,
				A98FB89823C6F6540084E323 /* Assets.xcassets */,
				A98FB89A23C6F6540084E323 /* LaunchScreen.storyboard */,
				A98FB89D23C6F6540084E323 /* Info.plist */,
			);
			path = GithubTestingProject;
			sourceTree = "<group>";
		};
/* End PBXGroup section */

/* Begin PBXNativeTarget section */
		A98FB88B23C6F6510084E323 /* GithubTestingProject */ = {
			isa = PBXNativeTarget;
			buildConfigurationList = A98FB8A023C6F6540084E323 /* Build configuration list for PBXNativeTarget "GithubTestingProject" */;
			buildPhases = (
				A98FB88823C6F6510084E323 /* Sources */,
				A98FB88923C6F6510084E323 /* Frameworks */,
				A98FB88A23C6F6510084E323 /* Resources */,
			);
			buildRules = (
			);
			dependencies = (
			);
			name = GithubTestingProject;
			productName = GithubTestingProject;
			productReference = A98FB88C23C6F6510084E323 /* GithubTestingProject.app */;
			productType = "com.apple.product-type.application";
		};
/* End PBXNativeTarget section */

/* Begin PBXProject section */
		A98FB88423C6F6510084E323 /* Project object */ = {
			isa = PBXProject;
			attributes = {
				LastSwiftUpdateCheck = 1100;
				LastUpgradeCheck = 1100;
				ORGANIZATIONNAME = Toqsoft;
				TargetAttributes = {
					A98FB88B23C6F6510084E323 = {
						CreatedOnToolsVersion = 11.0;
					};
				};
			};
			buildConfigurationList = A98FB88723C6F6510084E323 /* Build configuration list for PBXProject "GithubTestingProject" */;
			compatibilityVersion = "Xcode 9.3";
			developmentRegion = en;
			hasScannedForEncodings = 0;
			knownRegions = (
				en,
				Base,
			);
			mainGroup = A98FB88323C6F6510084E323;
			productRefGroup = A98FB88D23C6F6510084E323 /* Products */;
			projectDirPath = "";
			projectRoot = "";
			targets = (
				A98FB88B23C6F6510084E323 /* GithubTestingProject */,
			);
		};
/* End PBXProject section */

/* Begin PBXResourcesBuildPhase section */
		A98FB88A23C6F6510084E323 /* Resources */ = {
			isa = PBXResourcesBuildPhase;
			buildActionMask = 2147483647;
			files = (
				A98FB89C23C6F6540084E323 /* LaunchScreen.storyboard in Resources */,
				A98FB89923C6F6540084E323 /* Assets.xcassets in Resources */,
				A98FB89723C6F6510084E323 /* Main.storyboard in Resources */,
			);
			runOnlyForDeploymentPostprocessing = 0;
		};
/* End PBXResourcesBuildPhase section */

/* Begin PBXSourcesBuildPhase section */
		A98FB88823C6F6510084E323 /* Sources */ = {
			isa = PBXSourcesBuildPhase;
			buildActionMask = 2147483647;
			files = (
				A98FB89423C6F6510084E323 /* ViewController.swift in Sources */,
				A98FB89023C6F6510084E323 /* AppDelegate.swift in Sources */,
				A98FB89223C6F6510084E323 /* SceneDelegate.swift in Sources */,
			);
			runOnlyForDeploymentPostprocessing = 0;
		};
/* End PBXSourcesBuildPhase section */

/* Begin PBXVariantGroup section */
		A98FB89523C6F6510084E323 /* Main.storyboard */ = {
			isa = PBXVariantGroup;
			children = (
				A98FB89623C6F6510084E323 /* Base */,
			);
			name = Main.storyboard;
			sourceTree = "<group>";
		};
		A98FB89A23C6F6540084E323 /* LaunchScreen.storyboard */ = {
			isa = PBXVariantGroup;
			children = (
				A98FB89B23C6F6540084E323 /* Base */,
			);
			name = LaunchScreen.storyboard;
			sourceTree = "<group>";
		};
/* End PBXVariantGroup section */

/* Begin XCBuildConfiguration section */
		A98FB89E23C6F6540084E323 /* Debug */ = {
			isa = XCBuildConfiguration;
			buildSettings = {
				ALWAYS_SEARCH_USER_PATHS = NO;
				CLANG_ANALYZER_NONNULL = YES;
				CLANG_ANALYZER_NUMBER_OBJECT_CONVERSION = YES_AGGRESSIVE;
				CLANG_CXX_LANGUAGE_STANDARD = "gnu++14";
				CLANG_CXX_LIBRARY = "libc++";
				CLANG_ENABLE_MODULES = YES;
				CLANG_ENABLE_OBJC_ARC = YES;
				CLANG_ENABLE_OBJC_WEAK = YES;
				CLANG_WARN_BLOCK_CAPTURE_AUTORELEASING = YES;
				CLANG_WARN_BOOL_CONVERSION = YES;
				CLANG_WARN_COMMA = YES;
				CLANG_WARN_CONSTANT_CONVERSION = YES;
				CLANG_WARN_DEPRECATED_OBJC_IMPLEMENTATIONS = YES;
				CLANG_WARN_DIRECT_OBJC_ISA_USAGE = YES_ERROR;
				CLANG_WARN_DOCUMENTATION_COMMENTS = YES;
				CLANG_WARN_EMPTY_BODY = YES;
				CLANG_WARN_ENUM_CONVERSION = YES;
				CLANG_WARN_INFINITE_RECURSION = YES;
				CLANG_WARN_INT_CONVERSION = YES;
				CLANG_WARN_NON_LITERAL_NULL_CONVERSION = YES;
				CLANG_WARN_OBJC_IMPLICIT_RETAIN_SELF = YES;
				CLANG_WARN_OBJC_LITERAL_CONVERSION = YES;
				CLANG_WARN_OBJC_ROOT_CLASS = YES_ERROR;
				CLANG_WARN_RANGE_LOOP_ANALYSIS = YES;
				CLANG_WARN_STRICT_PROTOTYPES = YES;
				CLANG_WARN_SUSPICIOUS_MOVE = YES;
				CLANG_WARN_UNGUARDED_AVAILABILITY = YES_AGGRESSIVE;
				CLANG_WARN_UNREACHABLE_CODE = YES;
				CLANG_WARN__DUPLICATE_METHOD_MATCH = YES;
				COPY_PHASE_STRIP = NO;
				DEBUG_INFORMATION_FORMAT = dwarf;
				ENABLE_STRICT_OBJC_MSGSEND = YES;
				ENABLE_TESTABILITY = YES;
				GCC_C_LANGUAGE_STANDARD = gnu11;
				GCC_DYNAMIC_NO_PIC = NO;
				GCC_NO_COMMON_BLOCKS = YES;
				GCC_OPTIMIZATION_LEVEL = 0;
				GCC_PREPROCESSOR_DEFINITIONS = (
					"DEBUG=1",
					"$(inherited)",
				);
				GCC_WARN_64_TO_32_BIT_CONVERSION = YES;
				GCC_WARN_ABOUT_RETURN_TYPE = YES_ERROR;
				GCC_WARN_UNDECLARED_SELECTOR = YES;
				GCC_WARN_UNINITIALIZED_AUTOS = YES_AGGRESSIVE;
				GCC_WARN_UNUSED_FUNCTION = YES;
				GCC_WARN_UNUSED_VARIABLE = YES;
				IPHONEOS_DEPLOYMENT_TARGET = 13.0;
				MTL_ENABLE_DEBUG_INFO = INCLUDE_SOURCE;
				MTL_FAST_MATH = YES;
				ONLY_ACTIVE_ARCH = YES;
				SDKROOT = iphoneos;
				SWIFT_ACTIVE_COMPILATION_CONDITIONS = DEBUG;
				SWIFT_OPTIMIZATION_LEVEL = "-Onone";
			};
			name = Debug;
		};
		A98FB89F23C6F6540084E323 /* Release */ = {
			isa = XCBuildConfiguration;
			buildSettings = {
				ALWAYS_SEARCH_USER_PATHS = NO;
				CLANG_ANALYZER_NONNULL = YES;
				CLANG_ANALYZER_NUMBER_OBJECT_CONVERSION = YES_AGGRESSIVE;
				CLANG_CXX_LANGUAGE_STANDARD = "gnu++14";
				CLANG_CXX_LIBRARY = "libc++";
				CLANG_ENABLE_MODULES = YES;
				CLANG_ENABLE_OBJC_ARC = YES;
				CLANG_ENABLE_OBJC_WEAK = YES;
				CLANG_WARN_BLOCK_CAPTURE_AUTORELEASING = YES;
				CLANG_WARN_BOOL_CONVERSION = YES;
				CLANG_WARN_COMMA = YES;
				CLANG_WARN_CONSTANT_CONVERSION = YES;
				CLANG_WARN_DEPRECATED_OBJC_IMPLEMENTATIONS = YES;
				CLANG_WARN_DIRECT_OBJC_ISA_USAGE = YES_ERROR;
				CLANG_WARN_DOCUMENTATION_COMMENTS = YES;
				CLANG_WARN_EMPTY_BODY = YES;
				CLANG_WARN_ENUM_CONVERSION = YES;
				CLANG_WARN_INFINITE_RECURSION = YES;
				CLANG_WARN_INT_CONVERSION = YES;
				CLANG_WARN_NON_LITERAL_NULL_CONVERSION = YES;
				CLANG_WARN_OBJC_IMPLICIT_RETAIN_SELF = YES;
				CLANG_WARN_OBJC_LITERAL_CONVERSION = YES;
				CLANG_WARN_OBJC_ROOT_CLASS = YES_ERROR;
				CLANG_WARN_RANGE_LOOP_ANALYSIS = YES;
				CLANG_WARN_STRICT_PROTOTYPES = YES;
				CLANG_WARN_SUSPICIOUS_MOVE = YES;
				CLANG_WARN_UNGUARDED_AVAILABILITY = YES_AGGRESSIVE;
				CLANG_WARN_UNREACHABLE_CODE = YES;
				CLANG_WARN__DUPLICATE_METHOD_MATCH = YES;
				COPY_PHASE_STRIP = NO;
				DEBUG_INFORMATION_FORMAT = "dwarf-with-dsym";
				ENABLE_NS_ASSERTIONS = NO;
				ENABLE_STRICT_OBJC_MSGSEND = YES;
				GCC_C_LANGUAGE_STANDARD = gnu11;
				GCC_NO_COMMON_BLOCKS = YES;
				GCC_WARN_64_TO_32_BIT_CONVERSION = YES;
				GCC_WARN_ABOUT_RETURN_TYPE = YES_ERROR;
				GCC_WARN_UNDECLARED_SELECTOR = YES;
				GCC_WARN_UNINITIALIZED_AUTOS = YES_AGGRESSIVE;
				GCC_WARN_UNUSED_FUNCTION = YES;
				GCC_WARN_UNUSED_VARIABLE = YES;
				IPHONEOS_DEPLOYMENT_TARGET = 13.0;
				MTL_ENABLE_DEBUG_INFO = NO;
				MTL_FAST_MATH = YES;
				SDKROOT = iphoneos;
				SWIFT_COMPILATION_MODE = wholemodule;
				SWIFT_OPTIMIZATION_LEVEL = "-O";
				VALIDATE_PRODUCT = YES;
			};
			name = Release;
		};
		A98FB8A123C6F6540084E323 /* Debug */ = {
			isa = XCBuildConfiguration;
			buildSettings = {
				ASSETCATALOG_COMPILER_APPICON_NAME = AppIcon;
				CODE_SIGN_STYLE = Automatic;
				DEVELOPMENT_TEAM = ZM6SETE2AT;
				INFOPLIST_FILE = GithubTestingProject/Info.plist;
				LD_RUNPATH_SEARCH_PATHS = (
					"$(inherited)",
					"@executable_path/Frameworks",
				);
				PRODUCT_BUNDLE_IDENTIFIER = com.toqsoft.GithubTestingProject;
				PRODUCT_NAME = "$(TARGET_NAME)";
				SWIFT_VERSION = 5.0;
				TARGETED_DEVICE_FAMILY = "1,2";
			};
			name = Debug;
		};
		A98FB8A223C6F6540084E323 /* Release */ = {
			isa = XCBuildConfiguration;
			buildSettings = {
				ASSETCATALOG_COMPILER_APPICON_NAME = AppIcon;
				CODE_SIGN_STYLE = Automatic;
				DEVELOPMENT_TEAM = ZM6SETE2AT;
				INFOPLIST_FILE = GithubTestingProject/Info.plist;
				LD_RUNPATH_SEARCH_PATHS = (
					"$(inherited)",
					"@executable_path/Frameworks",
				);
				PRODUCT_BUNDLE_IDENTIFIER = com.toqsoft.GithubTestingProject;
				PRODUCT_NAME = "$(TARGET_NAME)";
				SWIFT_VERSION = 5.0;
				TARGETED_DEVICE_FAMILY = "1,2";
			};
			name = Release;
		};
/* End XCBuildConfiguration section */

/* Begin XCConfigurationList section */
		A98FB88723C6F6510084E323 /* Build configuration list for PBXProject "GithubTestingProject" */ = {
			isa = XCConfigurationList;
			buildConfigurations = (
				A98FB89E23C6F6540084E323 /* Debug */,
				A98FB89F23C6F6540084E323 /* Release */,
			);
			defaultConfigurationIsVisible = 0;
			defaultConfigurationName = Release;
		};
		A98FB8A023C6F6540084E323 /* Build configuration list for PBXNativeTarget "GithubTestingProject" */ = {
			isa = XCConfigurationList;
			buildConfigurations = (
				A98FB8A123C6F6540084E323 /* Debug */,
				A98FB8A223C6F6540084E323 /* Release */,
			);
			defaultConfigurationIsVisible = 0;
			defaultConfigurationName = Release;
		};
/* End XCConfigurationList section */
	};
	rootObject = A98FB88423C6F6510084E323 /* Project object */;
}
